{
  "lockfile-version": 1,
  "manifest": {
    "version": 1,
    "install": {
      "composer": {
        "pkg-path": "phpPackages.composer"
      },
      "php": {
        "pkg-path": "php"
      },
      "phpstan": {
        "pkg-path": "phpstan"
      },
      "phpunit": {
        "pkg-path": "phpunit"
      },
      "symfony-cli": {
        "pkg-path": "symfony-cli"
      }
    },
    "hook": {},
    "profile": {},
    "options": {},
    "services": {
      "web": {
        "command": "symfony serve"
      }
    }
  },
  "packages": [
    {
      "attr_path": "phpPackages.composer",
      "broken": false,
      "derivation": "/nix/store/cxyxpcv02s2add6w4ly909h1xb1jn39a-composer-2.10.3.drv",
      "description": "Dependency Manager for PHP",
      "install_id": "composer",
      "license": "MIT",
      "locked_url": "https://github.com/flox/nixpkgs?rev=e94cb152ed51bd6e24eb4a41f1460252beb52cd2",
      "name": "composer-2.10.3",
      "pname": "composer",
      "rev": "e94cb152ed51bd6e24eb4a41f1460252beb52cd2",
      "rev_count": 1079315,
      "rev_date": "2026-09-25T08:03:29Z",
      "scrape_date": "2026-09-26T04:58:57.718339Z",
      "stabilities": [
        "unstable"
      ],
      "unfree": false,
      "version": "2.10.3",
      "outputs_to_install": [
        "out"
      ],
      "outputs": {
        "out": "/nix/store/nxpwspffhrg3yx7kry1i5n40806cdaxv-composer-2.10.3"
      },
      "system": "aarch64-darwin",
      "group": "toplevel",
      "priority": 5
    },
    {
      "attr_path": "phpPackages.composer",
      "broken": false,
      "derivation": "/nix/store/9nzj68245lz6ykwp8nbmpfi8q82s04z0-composer-2.10.3.drv",
      "description": "Dependency Manager for PHP",
      "install_id": "composer",
      "license": "MIT",
      "locked_url": "https://github.com/flox/nixpkgs?rev=e94cb152ed51bd6e24eb4a41f1460252beb52cd2",
      "name": "composer-2.10.3",
      "pname": "composer",
      "rev": "e94cb152ed51bd6e24eb4a41f1460252beb52cd2",
      "rev_count": 1079315,
      "rev_date": "2026-09-25T08:03:29Z",
      "scrape_date": "2026-09-26T05:30:36.213442Z",
      "stabilities": [
        "unstable"
      ],
      "unfree": false,
      "version": "2.10.3",
      "outputs_to_install": [
        "out"
      ],
      "outputs": {
        "out": "/nix/store/qjx7vbam4k9im2zvrk6xhdxj0j712p0s-composer-2.10.3"
      },
      "system": "aarch64-linux",
      "group": "toplevel",
      "priority": 5
    },
    {
      "attr_path": "phpPackages.composer",
      "broken": false,
      "derivation": "/nix/store/5qcx7kv1rxk70gwy6yf0bjpzsp9pvg6f-composer-2.10.3.drv",
      "description": "Dependency Manager for PHP",
      "install_id": "composer",
      "license": "MIT",
      "locked_url": "https://github.com/flox/nixpkgs?rev=e94cb152ed51bd6e24eb4a41f1460252beb52cd2",
      "name": "composer-2.10.3",
      "pname": "composer",
      "rev": "e94cb152ed51bd6e24eb4a41f1460252beb52cd2",
      "rev_count": 1079315,
      "rev_date": "2026-09-25T08:03:29Z",
      "scrape_date": "2026-09-26T06:06:30.231594Z",
      "stabilities": [
        "unstable"
      ],
      "unfree": false,
      "version": "2.10.3",
      "outputs_to_install": [
        "out"
      ],
      "outputs": {
        "out": "/nix/store/m8rhzdzvkl1adprdixr07phvlvgnnn0s-composer-2.10.3"
      },
      "system": "x86_64-linux",
      "group": "toplevel",
      "priority": 5
    },
    {
      "attr_path": "php",
      "broken": false,
      "derivation": "/nix/store/nqjphdyh9y6r0bshjx4ljz00pf14pq7c-php-with-extensions-8.4.25.drv",
      "description": "HTML-embedded scripting language",
      "install_id": "php",
      "license": "PHP-3.01",
      "locked_url": "https://github.com/flox/nixpkgs?rev=e94cb152ed51bd6e24eb4a41f1460252beb52cd2",
      "name": "php-with-extensions-8.4.25",
      "pname": "php",
      "rev": "e94cb152ed51bd6e24eb4a41f1460252beb52cd2",
      "rev_count": 1079315,
      "rev_date": "2026-09-25T08:03:29Z",
      "scrape_date": "2026-09-26T04:58:56.713850Z",
      "stabilities": [
        "unstable"
      ],
      "unfree": false,
      "version": "8.4.25",
      "outputs_to_install": [
        "out"
      ],
      "outputs": {
        "out": "/nix/store/8n6gf3is9dq3n3wbs27jpgg8dn47gb31-php-with-extensions-8.4.25"
      },
      "system": "aarch64-darwin",
      "group": "toplevel",
      "priority": 5
    },
    {
      "attr_path": "php",
      "broken": false,
      "derivation": "/nix/store/34pydjs2l87k5iv6q8g03xjjqq5g30y0-php-with-extensions-8.4.25.drv",
      "description": "HTML-embedded scripting language",
      "install_id": "php",
      "license": "PHP-3.01",
      "locked_url": "https://github.com/flox/nixpkgs?rev=e94cb152ed51bd6e24eb4a41f1460252beb52cd2",
      "name": "php-with-extensions-8.4.25",
      "pname": "php",
      "rev": "e94cb152ed51bd6e24eb4a41f1460252beb52cd2",
      "rev_count": 1079315,
      "rev_date": "2026-09-25T08:03:29Z",
      "scrape_date": "2026-09-26T05:30:34.836764Z",
      "stabilities": [
        "unstable"
      ],
      "unfree": false,
      "version": "8.4.25",
      "outputs_to_install": [
        "out"
      ],
      "outputs": {
        "out": "/nix/store/d6cr4iripmxc2kv0z883kwy4n31j3vbw-php-with-extensions-8.4.25"
      },
      "system": "aarch64-linux",
      "group": "toplevel",
      "priority": 5
    },
    {
      "attr_path": "php",
      "broken": false,
      "derivation": "/nix/store/hibmnvnn5q8fijbplfx1b72afik8zwcb-php-with-extensions-8.4.25.drv",
      "description": "HTML-embedded scripting language",
      "install_id": "php",
      "license": "PHP-3.01",
      "locked_url": "https://github.com/flox/nixpkgs?rev=e94cb152ed51bd6e24eb4a41f1460252beb52cd2",
      "name": "php-with-extensions-8.4.25",
      "pname": "php",
      "rev": "e94cb152ed51bd6e24eb4a41f1460252beb52cd2",
      "rev_count": 1079315,
      "rev_date": "2026-09-25T08:03:29Z",
      "scrape_date": "2026-09-26T06:06:28.859670Z",
      "stabilities": [
        "unstable"
      ],
      "unfree": false,
      "version": "8.4.25",
      "outputs_to_install": [
        "out"
      ],
      "outputs": {
        "out": "/nix/store/wnhqcd0f1b20rmrsh26ailj65xny6ahk-php-with-extensions-8.4.25"
      },
      "system": "x86_64-linux",
      "group": "toplevel",
      "priority": 5
    },
    {
      "attr_path": "phpstan",
      "broken": false,
      "derivation": "/nix/store/7vb67rb9ppk9wb4ykcqibfi3gjqniryi-phpstan-2.2.14.drv",
      "description": "PHP Static Analysis Tool",
      "install_id": "phpstan",
      "license": "MIT",
      "locked_url": "https://github.com/flox/nixpkgs?rev=e94cb152ed51bd6e24eb4a41f1460252beb52cd2",
      "name": "phpstan-2.2.14",
      "pname": "phpstan",
      "rev": "e94cb152ed51bd6e24eb4a41f1460252beb52cd2",
      "rev_count": 1079315,
      "rev_date": "2026-09-25T08:03:29Z",
      "scrape_date": "2026-09-26T04:58:57.748319Z",
      "stabilities": [
        "unstable"
      ],
      "unfree": false,
      "version": "2.2.14",
      "outputs_to_install": [
        "out"
      ],
      "outputs": {
        "out": "/nix/store/9crw7iqnsg93k6p644brkrjyyj3qjm63-phpstan-2.2.14"
      },
      "system": "aarch64-darwin",
      "group": "toplevel",
      "priority": 5
    },
    {
      "attr_path": "phpstan",
      "broken": false,
      "derivation": "/nix/store/l45d5i3ls812734frb53vca4wqz1ijv2-phpstan-2.2.14.drv",
      "description": "PHP Static Analysis Tool",
      "install_id": "phpstan",
      "license": "MIT",
      "locked_url": "https://github.com/flox/nixpkgs?rev=e94cb152ed51bd6e24eb4a41f1460252beb52cd2",
      "name": "phpstan-2.2.14",
      "pname": "phpstan",
      "rev": "e94cb152ed51bd6e24eb4a41f1460252beb52cd2",
      "rev_count": 1079315,
      "rev_date": "2026-09-25T08:03:29Z",
      "scrape_date": "2026-09-26T05:30:36.248110Z",
      "stabilities": [
        "unstable"
      ],
      "unfree": false,
      "version": "2.2.14",
      "outputs_to_install": [
        "out"
      ],
      "outputs": {
        "out": "/nix/store/wbd54absbhybknqsrcfn95z3yr5rp9c4-phpstan-2.2.14"
      },
      "system": "aarch64-linux",
      "group": "toplevel",
      "priority": 5
    },
    {
      "attr_path": "phpstan",
      "broken": false,
      "derivation": "/nix/store/2xdc0nwzrcmq1z7xz1h0b2mwrn3z5n9p-phpstan-2.2.14.drv",
      "description": "PHP Static Analysis Tool",
      "install_id": "phpstan",
      "license": "MIT",
      "locked_url": "https://github.com/flox/nixpkgs?rev=e94cb152ed51bd6e24eb4a41f1460252beb52cd2",
      "name": "phpstan-2.2.14",
      "pname": "phpstan",
      "rev": "e94cb152ed51bd6e24eb4a41f1460252beb52cd2",
      "rev_count": 1079315,
      "rev_date": "2026-09-25T08:03:29Z",
      "scrape_date": "2026-09-26T06:06:30.270977Z",
      "stabilities": [
        "unstable"
      ],
      "unfree": false,
      "version": "2.2.14",
      "outputs_to_install": [
        "out"
      ],
      "outputs": {
        "out": "/nix/store/vxljhi4j0v7qs55d6vzvj02axm3m68ka-phpstan-2.2.14"
      },
      "system": "x86_64-linux",
      "group": "toplevel",
      "priority": 5
    },
    {
      "attr_path": "phpunit",
      "broken": false,
      "derivation": "/nix/store/7z2y8fl5n8ppjr87cbf7gl9hdibvg6xj-phpunit-13.3.2.drv",
      "description": "PHP Unit Testing framework",
      "install_id": "phpunit",
      "license": "BSD-3-Clause",
      "locked_url": "https://github.com/flox/nixpkgs?rev=e94cb152ed51bd6e24eb4a41f1460252beb52cd2",
      "name": "phpunit-13.3.2",
      "pname": "phpunit",
      "rev": "e94cb152ed51bd6e24eb4a41f1460252beb52cd2",
      "rev_count": 1079315,
      "rev_date": "2026-09-25T08:03:29Z",
      "scrape_date": "2026-09-26T04:58:57.750045Z",
      "stabilities": [
        "unstable"
      ],
      "unfree": false,
      "version": "13.3.2",
      "outputs_to_install": [
        "out"
      ],
      "outputs": {
        "out": "/nix/store/h2ajlqk53ws8lpzgx8kayskxca8kkv9p-phpunit-13.3.2"
      },
      "system": "aarch64-darwin",
      "group": "toplevel",
      "priority": 5
    },
    {
      "attr_path": "phpunit",
      "broken": false,
      "derivation": "/nix/store/kzd5l34rvl6az2p89n63fdrpvk8n5by3-phpunit-13.3.2.drv",
      "description": "PHP Unit Testing framework",
      "install_id": "phpunit",
      "license": "BSD-3-Clause",
      "locked_url": "https://github.com/flox/nixpkgs?rev=e94cb152ed51bd6e24eb4a41f1460252beb52cd2",
      "name": "phpunit-13.3.2",
      "pname": "phpunit",
      "rev": "e94cb152ed51bd6e24eb4a41f1460252beb52cd2",
      "rev_count": 1079315,
      "rev_date": "2026-09-25T08:03:29Z",
      "scrape_date": "2026-09-26T05:30:36.250239Z",
      "stabilities": [
        "unstable"
      ],
      "unfree": false,
      "version": "13.3.2",
      "outputs_to_install": [
        "out"
      ],
      "outputs": {
        "out": "/nix/store/hscn3lmjv0vcnskxsagdln4ffa5v8vd9-phpunit-13.3.2"
      },
      "system": "aarch64-linux",
      "group": "toplevel",
      "priority": 5
    },
    {
      "attr_path": "phpunit",
      "broken": false,
      "derivation": "/nix/store/ivd03g5dww2nighh73q50wa88fcnvb37-phpunit-13.3.2.drv",
      "description": "PHP Unit Testing framework",
      "install_id": "phpunit",
      "license": "BSD-3-Clause",
      "locked_url": "https://github.com/flox/nixpkgs?rev=e94cb152ed51bd6e24eb4a41f1460252beb52cd2",
      "name": "phpunit-13.3.2",
      "pname": "phpunit",
      "rev": "e94cb152ed51bd6e24eb4a41f1460252beb52cd2",
      "rev_count": 1079315,
      "rev_date": "2026-09-25T08:03:29Z",
      "scrape_date": "2026-09-26T06:06:30.273237Z",
      "stabilities": [
        "unstable"
      ],
      "unfree": false,
      "version": "13.3.2",
      "outputs_to_install": [
        "out"
      ],
      "outputs": {
        "out": "/nix/store/k8fla1nhqjs8w9b403l1qys5xhy9w0nw-phpunit-13.3.2"
      },
      "system": "x86_64-linux",
      "group": "toplevel",
      "priority": 5
    },
    {
      "attr_path": "symfony-cli",
      "broken": false,
      "derivation": "/nix/store/dzxb56zr93fhazi4hpnyzzifnhd94w8w-symfony-cli-5.20.0.drv",
      "description": "Symfony CLI",
      "install_id": "symfony-cli",
      "license": "AGPL-3.0-or-later",
      "locked_url": "https://github.com/flox/nixpkgs?rev=e94cb152ed51bd6e24eb4a41f1460252beb52cd2",
      "name": "symfony-cli-5.20.0",
      "pname": "symfony-cli",
      "rev": "e94cb152ed51bd6e24eb4a41f1460252beb52cd2",
      "rev_count": 1079315,
      "rev_date": "2026-09-25T08:03:29Z",
      "scrape_date": "2026-09-26T05:00:18.434485Z",
      "stabilities": [
        "unstable"
      ],
      "unfree": false,
      "version": "5.20.0",
      "outputs_to_install": [
        "out"
      ],
      "outputs": {
        "out": "/nix/store/dnhmwssiqqc5w62v40mml5848i0cbhp9-symfony-cli-5.20.0"
      },
      "system": "aarch64-darwin",
      "group": "toplevel",
      "priority": 5
    },
    {
      "attr_path": "symfony-cli",
      "broken": false,
      "derivation": "/nix/store/8kv9pqvrp6849ywd1j39ji4jv78kdwqz-symfony-cli-5.20.0.drv",
      "description": "Symfony CLI",
      "install_id": "symfony-cli",
      "license": "AGPL-3.0-or-later",
      "locked_url": "https://github.com/flox/nixpkgs?rev=e94cb152ed51bd6e24eb4a41f1460252beb52cd2",
      "name": "symfony-cli-5.20.0",
      "pname": "symfony-cli",
      "rev": "e94cb152ed51bd6e24eb4a41f1460252beb52cd2",
      "rev_count": 1079315,
      "rev_date": "2026-09-25T08:03:29Z",
      "scrape_date": "2026-09-26T05:32:16.426599Z",
      "stabilities": [
        "unstable"
      ],
      "unfree": false,
      "version": "5.20.0",
      "outputs_to_install": [
        "out"
      ],
      "outputs": {
        "out": "/nix/store/7xh7gknf8mxy4lsq91ipk1d5aa237j23-symfony-cli-5.20.0"
      },
      "system": "aarch64-linux",
      "group": "toplevel",
      "priority": 5
    },
    {
      "attr_path": "symfony-cli",
      "broken": false,
      "derivation": "/nix/store/a78a8p2d9zi82cn63gyxsfb9zx41lb92-symfony-cli-5.20.0.drv",
      "description": "Symfony CLI",
      "install_id": "symfony-cli",
      "license": "AGPL-3.0-or-later",
      "locked_url": "https://github.com/flox/nixpkgs?rev=e94cb152ed51bd6e24eb4a41f1460252beb52cd2",
      "name": "symfony-cli-5.20.0",
      "pname": "symfony-cli",
      "rev": "e94cb152ed51bd6e24eb4a41f1460252beb52cd2",
      "rev_count": 1079315,
      "rev_date": "2026-09-25T08:03:29Z",
      "scrape_date": "2026-09-26T06:08:13.521647Z",
      "stabilities": [
        "unstable"
      ],
      "unfree": false,
      "version": "5.20.0",
      "outputs_to_install": [
        "out"
      ],
      "outputs": {
        "out": "/nix/store/34cw1ijycy08q33ys1kbalzybz8qldjk-symfony-cli-5.20.0"
      },
      "system": "x86_64-linux",
      "group": "toplevel",
      "priority": 5
    }
  ]
}
